
Microsoft Visual Studio Solution File, Format Version 12.00
# Visual Studio Version 16
VisualStudioVersion = 16.0.32407.337
MinimumVisualStudioVersion = 10.0.40219.1
Project("{FAE04EC0-301F-11D3-BF4B-00C04F79EFBC}") = "WebApplication1", "WebApplication1.csproj", "{490FD16A-1DE4-4DCB-9D3F-DC20428BECB1}"
EndProject
Global
	GlobalSection(SolutionConfigurationPlatforms) = preSolution
		Debug|Any CPU = Debug|Any CPU
		Release|Any CPU = Release|Any CPU
	EndGlobalSection
	GlobalSection(ProjectConfigurationPlatforms) = postSolution
		{490FD16A-1DE4-4DCB-9D3F-DC20428BECB1}.Debug|Any CPU.ActiveCfg = Debug|Any CPU
		{490FD16A-1DE4-4DCB-9D3F-DC20428BECB1}.Debug|Any CPU.Build.0 = Debug|Any CPU
		{490FD16A-1DE4-4DCB-9D3F-DC20428BECB1}.Release|Any CPU.ActiveCfg = Release|Any CPU
		{490FD16A-1DE4-4DCB-9D3F-DC20428BECB1}.Release|Any CPU.Build.0 = Release|Any CPU
	EndGlobalSection
	GlobalSection(SolutionProperties) = preSolution
		HideSolutionNode = FALSE
	EndGlobalSection
	GlobalSection(ExtensibilityGlobals) = postSolution
		SolutionGuid = {09BC66D9-DB63-4492-8FD7-D4AF7BCBF734}
	EndGlobalSection
EndGlobal
